
Microsoft Visual Studio Solution File, Format Version 12.00
# Visual Studio Version 17
VisualStudioVersion = 17.14.36121.58
MinimumVisualStudioVersion = 10.0.40219.1
Project("{FAE04EC0-301F-11D3-BF4B-00C04F79EFBC}") = "CCPV.Main.API", "CCPV.Main.API\CCPV.Main.API.csproj", "{CD50A39A-1977-4285-8293-71D213FE4D8B}"
	ProjectSection(ProjectDependencies) = postProject
		{F6DB8DFD-90C8-465C-BE72-8E0D481A00B4} = {F6DB8DFD-90C8-465C-BE72-8E0D481A00B4}
	EndProjectSection
EndProject
Project("{FAE04EC0-301F-11D3-BF4B-00C04F79EFBC}") = "CCPV.Main.Background", "CCPV.Main.Background\CCPV.Main.Background.csproj", "{F6DB8DFD-90C8-465C-BE72-8E0D481A00B4}"
EndProject
Global
	GlobalSection(SolutionConfigurationPlatforms) = preSolution
		Debug|Any CPU = Debug|Any CPU
		Release|Any CPU = Release|Any CPU
	EndGlobalSection
	GlobalSection(ProjectConfigurationPlatforms) = postSolution
		{CD50A39A-1977-4285-8293-71D213FE4D8B}.Debug|Any CPU.ActiveCfg = Debug|Any CPU
		{CD50A39A-1977-4285-8293-71D213FE4D8B}.Debug|Any CPU.Build.0 = Debug|Any CPU
		{CD50A39A-1977-4285-8293-71D213FE4D8B}.Release|Any CPU.ActiveCfg = Release|Any CPU
		{CD50A39A-1977-4285-8293-71D213FE4D8B}.Release|Any CPU.Build.0 = Release|Any CPU
		{F6DB8DFD-90C8-465C-BE72-8E0D481A00B4}.Debug|Any CPU.ActiveCfg = Debug|Any CPU
		{F6DB8DFD-90C8-465C-BE72-8E0D481A00B4}.Debug|Any CPU.Build.0 = Debug|Any CPU
		{F6DB8DFD-90C8-465C-BE72-8E0D481A00B4}.Release|Any CPU.ActiveCfg = Release|Any CPU
		{F6DB8DFD-90C8-465C-BE72-8E0D481A00B4}.Release|Any CPU.Build.0 = Release|Any CPU
	EndGlobalSection
	GlobalSection(SolutionProperties) = preSolution
		HideSolutionNode = FALSE
	EndGlobalSection
	GlobalSection(ExtensibilityGlobals) = postSolution
		SolutionGuid = {EE0FB0DA-16EA-4493-99F1-8CC51FBDEC49}
	EndGlobalSection
EndGlobal
